
Microsoft Visual Studio Solution File, Format Version 12.00
# Visual Studio Version 17
VisualStudioVersion = 17.12.35506.116
MinimumVisualStudioVersion = 10.0.40219.1
Project("{FAE04EC0-301F-11D3-BF4B-00C04F79EFBC}") = "WebApplication4", "WebApplication4.csproj", "{98B9EBC1-84A5-448E-905F-884F13E17D24}"
EndProject
Project("{54A90642-561A-4BB1-A94E-469ADEE60C69}") = "crudoperation", "..\CrudOperation\crudoperation.esproj", "{33EAF16F-AF51-406D-89FA-4C045252A634}"
EndProject
Global
	GlobalSection(SolutionConfigurationPlatforms) = preSolution
		Debug|Any CPU = Debug|Any CPU
		Release|Any CPU = Release|Any CPU
	EndGlobalSection
	GlobalSection(ProjectConfigurationPlatforms) = postSolution
		{98B9EBC1-84A5-448E-905F-884F13E17D24}.Debug|Any CPU.ActiveCfg = Debug|Any CPU
		{98B9EBC1-84A5-448E-905F-884F13E17D24}.Debug|Any CPU.Build.0 = Debug|Any CPU
		{98B9EBC1-84A5-448E-905F-884F13E17D24}.Release|Any CPU.ActiveCfg = Release|Any CPU
		{98B9EBC1-84A5-448E-905F-884F13E17D24}.Release|Any CPU.Build.0 = Release|Any CPU
		{33EAF16F-AF51-406D-89FA-4C045252A634}.Debug|Any CPU.ActiveCfg = Debug|Any CPU
		{33EAF16F-AF51-406D-89FA-4C045252A634}.Debug|Any CPU.Build.0 = Debug|Any CPU
		{33EAF16F-AF51-406D-89FA-4C045252A634}.Debug|Any CPU.Deploy.0 = Debug|Any CPU
		{33EAF16F-AF51-406D-89FA-4C045252A634}.Release|Any CPU.ActiveCfg = Release|Any CPU
		{33EAF16F-AF51-406D-89FA-4C045252A634}.Release|Any CPU.Build.0 = Release|Any CPU
		{33EAF16F-AF51-406D-89FA-4C045252A634}.Release|Any CPU.Deploy.0 = Release|Any CPU
	EndGlobalSection
	GlobalSection(SolutionProperties) = preSolution
		HideSolutionNode = FALSE
	EndGlobalSection
EndGlobal
